
Microsoft Visual Studio Solution File, Format Version 12.00
# Visual Studio Version 17
VisualStudioVersion = 17.8.34525.116
MinimumVisualStudioVersion = 10.0.40219.1
Project("{FAE04EC0-301F-11D3-BF4B-00C04F79EFBC}") = "HttpServer", "HttpServer.csproj", "{EAB8E553-B857-4A5D-BBF0-8BB7883CC687}"
EndProject
Global
	GlobalSection(SolutionConfigurationPlatforms) = preSolution
		Debug|Any CPU = Debug|Any CPU
		Release|Any CPU = Release|Any CPU
	EndGlobalSection
	GlobalSection(ProjectConfigurationPlatforms) = postSolution
		{EAB8E553-B857-4A5D-BBF0-8BB7883CC687}.Debug|Any CPU.ActiveCfg = Debug|Any CPU
		{EAB8E553-B857-4A5D-BBF0-8BB7883CC687}.Debug|Any CPU.Build.0 = Debug|Any CPU
		{EAB8E553-B857-4A5D-BBF0-8BB7883CC687}.Release|Any CPU.ActiveCfg = Release|Any CPU
		{EAB8E553-B857-4A5D-BBF0-8BB7883CC687}.Release|Any CPU.Build.0 = Release|Any CPU
	EndGlobalSection
	GlobalSection(SolutionProperties) = preSolution
		HideSolutionNode = FALSE
	EndGlobalSection
	GlobalSection(ExtensibilityGlobals) = postSolution
		SolutionGuid = {147076C8-FC48-45A1-B53B-B09ACF0376BB}
	EndGlobalSection
EndGlobal
